
Microsoft Visual Studio Solution File, Format Version 12.00
# Visual Studio Version 17
VisualStudioVersion = 17.0.31808.319
MinimumVisualStudioVersion = 10.0.40219.1
Project("{9A19103F-16F7-4668-BE54-9A1E7A4F7556}") = "Photino.API", "Photino.API\Photino.API.csproj", "{A86CD7C0-74C2-4668-B51E-F3FF600AC878}"
EndProject
Project("{FAE04EC0-301F-11D3-BF4B-00C04F79EFBC}") = "Photino.Test", "Photino.Test\Photino.Test.csproj", "{E78ADA19-5F7A-44B4-87D6-D4994D904CB0}"
EndProject
Global
	GlobalSection(SolutionConfigurationPlatforms) = preSolution
		Debug|Any CPU = Debug|Any CPU
		Debug|x64 = Debug|x64
		Debug|x86 = Debug|x86
		Release|Any CPU = Release|Any CPU
		Release|x64 = Release|x64
		Release|x86 = Release|x86
	EndGlobalSection
	GlobalSection(ProjectConfigurationPlatforms) = postSolution
		{A86CD7C0-74C2-4668-B51E-F3FF600AC878}.Debug|Any CPU.ActiveCfg = Debug|Any CPU
		{A86CD7C0-74C2-4668-B51E-F3FF600AC878}.Debug|Any CPU.Build.0 = Debug|Any CPU
		{A86CD7C0-74C2-4668-B51E-F3FF600AC878}.Debug|x64.ActiveCfg = Debug|x64
		{A86CD7C0-74C2-4668-B51E-F3FF600AC878}.Debug|x64.Build.0 = Debug|x64
		{A86CD7C0-74C2-4668-B51E-F3FF600AC878}.Debug|x86.ActiveCfg = Debug|Any CPU
		{A86CD7C0-74C2-4668-B51E-F3FF600AC878}.Debug|x86.Build.0 = Debug|Any CPU
		{A86CD7C0-74C2-4668-B51E-F3FF600AC878}.Release|Any CPU.ActiveCfg = Release|Any CPU
		{A86CD7C0-74C2-4668-B51E-F3FF600AC878}.Release|Any CPU.Build.0 = Release|Any CPU
		{A86CD7C0-74C2-4668-B51E-F3FF600AC878}.Release|x64.ActiveCfg = Release|x64
		{A86CD7C0-74C2-4668-B51E-F3FF600AC878}.Release|x64.Build.0 = Release|x64
		{A86CD7C0-74C2-4668-B51E-F3FF600AC878}.Release|x86.ActiveCfg = Release|Any CPU
		{A86CD7C0-74C2-4668-B51E-F3FF600AC878}.Release|x86.Build.0 = Release|Any CPU
		{E78ADA19-5F7A-44B4-87D6-D4994D904CB0}.Debug|Any CPU.ActiveCfg = Debug|Any CPU
		{E78ADA19-5F7A-44B4-87D6-D4994D904CB0}.Debug|Any CPU.Build.0 = Debug|Any CPU
		{E78ADA19-5F7A-44B4-87D6-D4994D904CB0}.Debug|x64.ActiveCfg = Debug|Any CPU
		{E78ADA19-5F7A-44B4-87D6-D4994D904CB0}.Debug|x64.Build.0 = Debug|Any CPU
		{E78ADA19-5F7A-44B4-87D6-D4994D904CB0}.Debug|x86.ActiveCfg = Debug|Any CPU
		{E78ADA19-5F7A-44B4-87D6-D4994D904CB0}.Debug|x86.Build.0 = Debug|Any CPU
		{E78ADA19-5F7A-44B4-87D6-D4994D904CB0}.Release|Any CPU.ActiveCfg = Release|Any CPU
		{E78ADA19-5F7A-44B4-87D6-D4994D904CB0}.Release|Any CPU.Build.0 = Release|Any CPU
		{E78ADA19-5F7A-44B4-87D6-D4994D904CB0}.Release|x64.ActiveCfg = Release|Any CPU
		{E78ADA19-5F7A-44B4-87D6-D4994D904CB0}.Release|x64.Build.0 = Release|Any CPU
		{E78ADA19-5F7A-44B4-87D6-D4994D904CB0}.Release|x86.ActiveCfg = Release|Any CPU
		{E78ADA19-5F7A-44B4-87D6-D4994D904CB0}.Release|x86.Build.0 = Release|Any CPU
	EndGlobalSection
	GlobalSection(SolutionProperties) = preSolution
		HideSolutionNode = FALSE
	EndGlobalSection
	GlobalSection(ExtensibilityGlobals) = postSolution
		SolutionGuid = {C443F6F9-187B-4E02-912C-2E1BBB043198}
	EndGlobalSection
EndGlobal
