
Microsoft Visual Studio Solution File, Format Version 12.00
# Visual Studio Version 17
VisualStudioVersion = 17.0.31612.314
MinimumVisualStudioVersion = 10.0.40219.1
Project("{9A19103F-16F7-4668-BE54-9A1E7A4F7556}") = "Photino.API", "Photino.API\Photino.API.csproj", "{B0F76216-8D34-4C56-AABB-D5F9A339DA90}"
EndProject
Global
	GlobalSection(SolutionConfigurationPlatforms) = preSolution
		Debug|Any CPU = Debug|Any CPU
		Release|Any CPU = Release|Any CPU
	EndGlobalSection
	GlobalSection(ProjectConfigurationPlatforms) = postSolution
		{B0F76216-8D34-4C56-AABB-D5F9A339DA90}.Debug|Any CPU.ActiveCfg = Debug|Any CPU
		{B0F76216-8D34-4C56-AABB-D5F9A339DA90}.Debug|Any CPU.Build.0 = Debug|Any CPU
		{B0F76216-8D34-4C56-AABB-D5F9A339DA90}.Release|Any CPU.ActiveCfg = Release|Any CPU
		{B0F76216-8D34-4C56-AABB-D5F9A339DA90}.Release|Any CPU.Build.0 = Release|Any CPU
	EndGlobalSection
	GlobalSection(SolutionProperties) = preSolution
		HideSolutionNode = FALSE
	EndGlobalSection
	GlobalSection(ExtensibilityGlobals) = postSolution
		SolutionGuid = {B933E07F-BB4E-4E06-9DDB-800C649B8118}
	EndGlobalSection
EndGlobal
